github.com/koykov/bytealg v1.0.1 h1:WlD9/4PMThmfQuIRVpVCujzM/3AVTEwlgvaYrErO9Nk=
github.com/koykov/bytealg v1.0.1/go.mod h1:kMvejxwPkAt7YfHpB1PQ/utMwKpHSY54u1rCxna6Wvg=
github.com/koykov/fastconv v1.0.0/go.mod h1:Y7I12pumAx+2iH1Yh0X85UpywP7IET/+M7S17toJBes=
github.com/koykov/fastconv v1.0.1 h1:iCLCfmfirnYzYidi8yyuRKdPT6Uv+iEyWnWzgdfYA2E=
github.com/koykov/fastconv v1.0.1/go.mod h1:Y7I12pumAx+2iH1Yh0X85UpywP7IET/+M7S17toJBes=
github.com/koykov/jsonlint v1.0.0 h1:am2/STlB6rIcrNrDBOjUZv6IO7PRD7V72ZFAxhxhUsc=
github.com/koykov/jsonlint v1.0.0/go.mod h1:g/vVWJr7ouHOLESSYGrjKJG+eo/CuRGYPrK1bMMubtU=
